// !$*UTF8*$!
{
	archiveVersion = 1;
	classes = {
	};
	objectVersion = 50;
	objects = {

/* Begin PBXBuildFile section */
		301D60702396B89E00AB84E1 /* AppDelegate.swift in Sources */ = {isa = PBXBuildFile; fileRef = 301D606F2396B89E00AB84E1 /* AppDelegate.swift */; };
		301D60722396B89E00AB84E1 /* SceneDelegate.swift in Sources */ = {isa = PBXBuildFile; fileRef = 301D60712396B89E00AB84E1 /* SceneDelegate.swift */; };
		301D60772396B89F00AB84E1 /* Main.storyboard in Resources */ = {isa = PBXBuildFile; fileRef = 301D60752396B89F00AB84E1 /* Main.storyboard */; };
		301D60792396B89F00AB84E1 /* Assets.xcassets in Resources */ = {isa = PBXBuildFile; fileRef = 301D60782396B89F00AB84E1 /* Assets.xcassets */; };
		301D607C2396B89F00AB84E1 /* LaunchScreen.storyboard in Resources */ = {isa = PBXBuildFile; fileRef = 301D607A2396B89F00AB84E1 /* LaunchScreen.storyboard */; };
		BD72E5312397B539009DC584 /* RightAnswer.storyboard in Resources */ = {isa = PBXBuildFile; fileRef = BD72E5302397B539009DC584 /* RightAnswer.storyboard */; };
		BD72E5342397B627009DC584 /* BadAnswer.storyboard in Resources */ = {isa = PBXBuildFile; fileRef = BD72E5322397B627009DC584 /* BadAnswer.storyboard */; };
		BD72E5362397B8CB009DC584 /* History.storyboard in Resources */ = {isa = PBXBuildFile; fileRef = BD72E5352397B8CB009DC584 /* History.storyboard */; };
		BD72E5382397BA0D009DC584 /* Game.storyboard in Resources */ = {isa = PBXBuildFile; fileRef = BD72E5372397BA0D009DC584 /* Game.storyboard */; };
		BD72E53B2397BA7B009DC584 /* ChatBot.storyboard in Resources */ = {isa = PBXBuildFile; fileRef = BD72E5392397BA7B009DC584 /* ChatBot.storyboard */; };
		BD72E53D2397BACD009DC584 /* ChatBotSearch.storyboard in Resources */ = {isa = PBXBuildFile; fileRef = BD72E53C2397BACD009DC584 /* ChatBotSearch.storyboard */; };
		BD72E54B2397C9F0009DC584 /* HistoryViewController.swift in Sources */ = {isa = PBXBuildFile; fileRef = BD72E54A2397C9F0009DC584 /* HistoryViewController.swift */; };
		BD9B4A17239B11EC00D176F7 /* HistoryCell.swift in Sources */ = {isa = PBXBuildFile; fileRef = BD9B4A16239B11EC00D176F7 /* HistoryCell.swift */; };
		BD9B4A19239B148800D176F7 /* HistoryReusableView.swift in Sources */ = {isa = PBXBuildFile; fileRef = BD9B4A18239B148800D176F7 /* HistoryReusableView.swift */; };
		BD9B4A1B239BCBAF00D176F7 /* HistoryDetailViewController.swift in Sources */ = {isa = PBXBuildFile; fileRef = BD9B4A1A239BCBAF00D176F7 /* HistoryDetailViewController.swift */; };
		BD9B4A21239D052C00D176F7 /* DecheteryCollection.swift in Sources */ = {isa = PBXBuildFile; fileRef = BD9B4A20239D052C00D176F7 /* DecheteryCollection.swift */; };
/* End PBXBuildFile section */

/* Begin PBXFileReference section */
		301D606C2396B89E00AB84E1 /* Trinder.app */ = {isa = PBXFileReference; explicitFileType = wrapper.application; includeInIndex = 0; path = Trinder.app; sourceTree = BUILT_PRODUCTS_DIR; };
		301D606F2396B89E00AB84E1 /* AppDelegate.swift */ = {isa = PBXFileReference; lastKnownFileType = sourcecode.swift; path = AppDelegate.swift; sourceTree = "<group>"; };
		301D60712396B89E00AB84E1 /* SceneDelegate.swift */ = {isa = PBXFileReference; lastKnownFileType = sourcecode.swift; path = SceneDelegate.swift; sourceTree = "<group>"; };
		301D60762396B89F00AB84E1 /* Base */ = {isa = PBXFileReference; lastKnownFileType = file.storyboard; name = Base; path = Base.lproj/Main.storyboard; sourceTree = "<group>"; };
		301D60782396B89F00AB84E1 /* Assets.xcassets */ = {isa = PBXFileReference; lastKnownFileType = folder.assetcatalog; path = Assets.xcassets; sourceTree = "<group>"; };
		301D607B2396B89F00AB84E1 /* Base */ = {isa = PBXFileReference; lastKnownFileType = file.storyboard; name = Base; path = Base.lproj/LaunchScreen.storyboard; sourceTree = "<group>"; };
		301D607D2396B89F00AB84E1 /* Info.plist */ = {isa = PBXFileReference; lastKnownFileType = text.plist.xml; path = Info.plist; sourceTree = "<group>"; };
		BD72E5302397B539009DC584 /* RightAnswer.storyboard */ = {isa = PBXFileReference; fileEncoding = 4; lastKnownFileType = file.storyboard; name = RightAnswer.storyboard; path = Trinder/View/GameView/RightAnswer.storyboard; sourceTree = SOURCE_ROOT; };
		BD72E5332397B627009DC584 /* Base */ = {isa = PBXFileReference; lastKnownFileType = file.storyboard; name = Base; path = Base.lproj/BadAnswer.storyboard; sourceTree = "<group>"; };
		BD72E5352397B8CB009DC584 /* History.storyboard */ = {isa = PBXFileReference; fileEncoding = 4; lastKnownFileType = file.storyboard; name = History.storyboard; path = Trinder/View/HistoryView/History.storyboard; sourceTree = SOURCE_ROOT; };
		BD72E5372397BA0D009DC584 /* Game.storyboard */ = {isa = PBXFileReference; fileEncoding = 4; lastKnownFileType = file.storyboard; name = Game.storyboard; path = Trinder/View/GameView/Game.storyboard; sourceTree = SOURCE_ROOT; };
		BD72E53A2397BA7B009DC584 /* Base */ = {isa = PBXFileReference; lastKnownFileType = file.storyboard; name = Base; path = Base.lproj/ChatBot.storyboard; sourceTree = "<group>"; };
		BD72E53C2397BACD009DC584 /* ChatBotSearch.storyboard */ = {isa = PBXFileReference; fileEncoding = 4; lastKnownFileType = file.storyboard; name = ChatBotSearch.storyboard; path = Trinder/View/ChatBotView/ChatBotSearch.storyboard; sourceTree = SOURCE_ROOT; };
		BD72E54A2397C9F0009DC584 /* HistoryViewController.swift */ = {isa = PBXFileReference; lastKnownFileType = sourcecode.swift; path = HistoryViewController.swift; sourceTree = "<group>"; };
		BD9B4A16239B11EC00D176F7 /* HistoryCell.swift */ = {isa = PBXFileReference; lastKnownFileType = sourcecode.swift; path = HistoryCell.swift; sourceTree = "<group>"; };
		BD9B4A18239B148800D176F7 /* HistoryReusableView.swift */ = {isa = PBXFileReference; lastKnownFileType = sourcecode.swift; path = HistoryReusableView.swift; sourceTree = "<group>"; };
		BD9B4A1A239BCBAF00D176F7 /* HistoryDetailViewController.swift */ = {isa = PBXFileReference; lastKnownFileType = sourcecode.swift; path = HistoryDetailViewController.swift; sourceTree = "<group>"; };
		BD9B4A20239D052C00D176F7 /* DecheteryCollection.swift */ = {isa = PBXFileReference; lastKnownFileType = sourcecode.swift; path = DecheteryCollection.swift; sourceTree = "<group>"; };
/* End PBXFileReference section */

/* Begin PBXFrameworksBuildPhase section */
		301D60692396B89E00AB84E1 /* Frameworks */ = {
			isa = PBXFrameworksBuildPhase;
			buildActionMask = 2147483647;
			files = (
			);
			runOnlyForDeploymentPostprocessing = 0;
		};
/* End PBXFrameworksBuildPhase section */

/* Begin PBXGroup section */
		301D60632396B89E00AB84E1 = {
			isa = PBXGroup;
			children = (
				301D606E2396B89E00AB84E1 /* Trinder */,
				301D606D2396B89E00AB84E1 /* Products */,
			);
			sourceTree = "<group>";
		};
		301D606D2396B89E00AB84E1 /* Products */ = {
			isa = PBXGroup;
			children = (
				301D606C2396B89E00AB84E1 /* Trinder.app */,
			);
			name = Products;
			sourceTree = "<group>";
		};
		301D606E2396B89E00AB84E1 /* Trinder */ = {
			isa = PBXGroup;
			children = (
				BD72E5412397BB50009DC584 /* Supporting Files */,
				BD5726EF2397A9F3001ED499 /* View */,
				BD72E5422397C5D4009DC584 /* Contoller */,
				301D607D2396B89F00AB84E1 /* Info.plist */,
			);
			path = Trinder;
			sourceTree = "<group>";
		};
		BD5726EF2397A9F3001ED499 /* View */ = {
			isa = PBXGroup;
			children = (
				BD72E5402397BB37009DC584 /* HistoryView */,
				BD72E53F2397BB1E009DC584 /* GameView */,
				BD72E53E2397BB09009DC584 /* ChatBotView */,
				301D60752396B89F00AB84E1 /* Main.storyboard */,
				301D607A2396B89F00AB84E1 /* LaunchScreen.storyboard */,
			);
			path = View;
			sourceTree = "<group>";
		};
		BD72E53E2397BB09009DC584 /* ChatBotView */ = {
			isa = PBXGroup;
			children = (
				BD72E5392397BA7B009DC584 /* ChatBot.storyboard */,
				BD72E53C2397BACD009DC584 /* ChatBotSearch.storyboard */,
			);
			path = ChatBotView;
			sourceTree = "<group>";
		};
		BD72E53F2397BB1E009DC584 /* GameView */ = {
			isa = PBXGroup;
			children = (
				BD72E5372397BA0D009DC584 /* Game.storyboard */,
				BD72E5302397B539009DC584 /* RightAnswer.storyboard */,
				BD72E5322397B627009DC584 /* BadAnswer.storyboard */,
			);
			path = GameView;
			sourceTree = "<group>";
		};
		BD72E5402397BB37009DC584 /* HistoryView */ = {
			isa = PBXGroup;
			children = (
				BD72E5352397B8CB009DC584 /* History.storyboard */,
			);
			path = HistoryView;
			sourceTree = "<group>";
		};
		BD72E5412397BB50009DC584 /* Supporting Files */ = {
			isa = PBXGroup;
			children = (
				301D606F2396B89E00AB84E1 /* AppDelegate.swift */,
				301D60712396B89E00AB84E1 /* SceneDelegate.swift */,
				301D60782396B89F00AB84E1 /* Assets.xcassets */,
			);
			path = "Supporting Files";
			sourceTree = "<group>";
		};
		BD72E5422397C5D4009DC584 /* Contoller */ = {
			isa = PBXGroup;
			children = (
				BD72E5432397C5ED009DC584 /* HistoryController */,
			);
			path = Contoller;
			sourceTree = "<group>";
		};
		BD72E5432397C5ED009DC584 /* HistoryController */ = {
			isa = PBXGroup;
			children = (
				BD9B4A18239B148800D176F7 /* HistoryReusableView.swift */,
				BD9B4A16239B11EC00D176F7 /* HistoryCell.swift */,
				BD72E54A2397C9F0009DC584 /* HistoryViewController.swift */,
				BD9B4A1A239BCBAF00D176F7 /* HistoryDetailViewController.swift */,
				BD9B4A20239D052C00D176F7 /* DecheteryCollection.swift */,
			);
			path = HistoryController;
			sourceTree = "<group>";
		};
/* End PBXGroup section */

/* Begin PBXNativeTarget section */
		301D606B2396B89E00AB84E1 /* Trinder */ = {
			isa = PBXNativeTarget;
			buildConfigurationList = 301D60802396B89F00AB84E1 /* Build configuration list for PBXNativeTarget "Trinder" */;
			buildPhases = (
				301D60682396B89E00AB84E1 /* Sources */,
				301D60692396B89E00AB84E1 /* Frameworks */,
				301D606A2396B89E00AB84E1 /* Resources */,
			);
			buildRules = (
			);
			dependencies = (
			);
			name = Trinder;
			productName = Trinder;
			productReference = 301D606C2396B89E00AB84E1 /* Trinder.app */;
			productType = "com.apple.product-type.application";
		};
/* End PBXNativeTarget section */

/* Begin PBXProject section */
		301D60642396B89E00AB84E1 /* Project object */ = {
			isa = PBXProject;
			attributes = {
				LastSwiftUpdateCheck = 1120;
				LastUpgradeCheck = 1120;
				ORGANIZATIONNAME = "alexandre rodriguez";
				TargetAttributes = {
					301D606B2396B89E00AB84E1 = {
						CreatedOnToolsVersion = 11.2.1;
					};
				};
			};
			buildConfigurationList = 301D60672396B89E00AB84E1 /* Build configuration list for PBXProject "Trinder" */;
			compatibilityVersion = "Xcode 9.3";
			developmentRegion = en;
			hasScannedForEncodings = 0;
			knownRegions = (
				en,
				Base,
			);
			mainGroup = 301D60632396B89E00AB84E1;
			productRefGroup = 301D606D2396B89E00AB84E1 /* Products */;
			projectDirPath = "";
			projectRoot = "";
			targets = (
				301D606B2396B89E00AB84E1 /* Trinder */,
			);
		};
/* End PBXProject section */

/* Begin PBXResourcesBuildPhase section */
		301D606A2396B89E00AB84E1 /* Resources */ = {
			isa = PBXResourcesBuildPhase;
			buildActionMask = 2147483647;
			files = (
				BD72E5342397B627009DC584 /* BadAnswer.storyboard in Resources */,
				301D607C2396B89F00AB84E1 /* LaunchScreen.storyboard in Resources */,
				BD72E5382397BA0D009DC584 /* Game.storyboard in Resources */,
				301D60792396B89F00AB84E1 /* Assets.xcassets in Resources */,
				301D60772396B89F00AB84E1 /* Main.storyboard in Resources */,
				BD72E53D2397BACD009DC584 /* ChatBotSearch.storyboard in Resources */,
				BD72E5312397B539009DC584 /* RightAnswer.storyboard in Resources */,
				BD72E53B2397BA7B009DC584 /* ChatBot.storyboard in Resources */,
				BD72E5362397B8CB009DC584 /* History.storyboard in Resources */,
			);
			runOnlyForDeploymentPostprocessing = 0;
		};
/* End PBXResourcesBuildPhase section */

/* Begin PBXSourcesBuildPhase section */
		301D60682396B89E00AB84E1 /* Sources */ = {
			isa = PBXSourcesBuildPhase;
			buildActionMask = 2147483647;
			files = (
				BD9B4A17239B11EC00D176F7 /* HistoryCell.swift in Sources */,
				301D60702396B89E00AB84E1 /* AppDelegate.swift in Sources */,
				BD9B4A1B239BCBAF00D176F7 /* HistoryDetailViewController.swift in Sources */,
				BD9B4A19239B148800D176F7 /* HistoryReusableView.swift in Sources */,
				BD9B4A21239D052C00D176F7 /* DecheteryCollection.swift in Sources */,
				BD72E54B2397C9F0009DC584 /* HistoryViewController.swift in Sources */,
				301D60722396B89E00AB84E1 /* SceneDelegate.swift in Sources */,
			);
			runOnlyForDeploymentPostprocessing = 0;
		};
/* End PBXSourcesBuildPhase section */

/* Begin PBXVariantGroup section */
		301D60752396B89F00AB84E1 /* Main.storyboard */ = {
			isa = PBXVariantGroup;
			children = (
				301D60762396B89F00AB84E1 /* Base */,
			);
			name = Main.storyboard;
			sourceTree = "<group>";
		};
		301D607A2396B89F00AB84E1 /* LaunchScreen.storyboard */ = {
			isa = PBXVariantGroup;
			children = (
				301D607B2396B89F00AB84E1 /* Base */,
			);
			name = LaunchScreen.storyboard;
			sourceTree = "<group>";
		};
		BD72E5322397B627009DC584 /* BadAnswer.storyboard */ = {
			isa = PBXVariantGroup;
			children = (
				BD72E5332397B627009DC584 /* Base */,
			);
			name = BadAnswer.storyboard;
			sourceTree = "<group>";
		};
		BD72E5392397BA7B009DC584 /* ChatBot.storyboard */ = {
			isa = PBXVariantGroup;
			children = (
				BD72E53A2397BA7B009DC584 /* Base */,
			);
			name = ChatBot.storyboard;
			sourceTree = "<group>";
		};
/* End PBXVariantGroup section */

/* Begin XCBuildConfiguration section */
		301D607E2396B89F00AB84E1 /* Debug */ = {
			isa = XCBuildConfiguration;
			buildSettings = {
				ALWAYS_SEARCH_USER_PATHS = NO;
				CLANG_ANALYZER_NONNULL = YES;
				CLANG_ANALYZER_NUMBER_OBJECT_CONVERSION = YES_AGGRESSIVE;
				CLANG_CXX_LANGUAGE_STANDARD = "gnu++14";
				CLANG_CXX_LIBRARY = "libc++";
				CLANG_ENABLE_MODULES = YES;
				CLANG_ENABLE_OBJC_ARC = YES;
				CLANG_ENABLE_OBJC_WEAK = YES;
				CLANG_WARN_BLOCK_CAPTURE_AUTORELEASING = YES;
				CLANG_WARN_BOOL_CONVERSION = YES;
				CLANG_WARN_COMMA = YES;
				CLANG_WARN_CONSTANT_CONVERSION = YES;
				CLANG_WARN_DEPRECATED_OBJC_IMPLEMENTATIONS = YES;
				CLANG_WARN_DIRECT_OBJC_ISA_USAGE = YES_ERROR;
				CLANG_WARN_DOCUMENTATION_COMMENTS = YES;
				CLANG_WARN_EMPTY_BODY = YES;
				CLANG_WARN_ENUM_CONVERSION = YES;
				CLANG_WARN_INFINITE_RECURSION = YES;
				CLANG_WARN_INT_CONVERSION = YES;
				CLANG_WARN_NON_LITERAL_NULL_CONVERSION = YES;
				CLANG_WARN_OBJC_IMPLICIT_RETAIN_SELF = YES;
				CLANG_WARN_OBJC_LITERAL_CONVERSION = YES;
				CLANG_WARN_OBJC_ROOT_CLASS = YES_ERROR;
				CLANG_WARN_RANGE_LOOP_ANALYSIS = YES;
				CLANG_WARN_STRICT_PROTOTYPES = YES;
				CLANG_WARN_SUSPICIOUS_MOVE = YES;
				CLANG_WARN_UNGUARDED_AVAILABILITY = YES_AGGRESSIVE;
				CLANG_WARN_UNREACHABLE_CODE = YES;
				CLANG_WARN__DUPLICATE_METHOD_MATCH = YES;
				COPY_PHASE_STRIP = NO;
				DEBUG_INFORMATION_FORMAT = dwarf;
				ENABLE_STRICT_OBJC_MSGSEND = YES;
				ENABLE_TESTABILITY = YES;
				GCC_C_LANGUAGE_STANDARD = gnu11;
				GCC_DYNAMIC_NO_PIC = NO;
				GCC_NO_COMMON_BLOCKS = YES;
				GCC_OPTIMIZATION_LEVEL = 0;
				GCC_PREPROCESSOR_DEFINITIONS = (
					"DEBUG=1",
					"$(inherited)",
				);
				GCC_WARN_64_TO_32_BIT_CONVERSION = YES;
				GCC_WARN_ABOUT_RETURN_TYPE = YES_ERROR;
				GCC_WARN_UNDECLARED_SELECTOR = YES;
				GCC_WARN_UNINITIALIZED_AUTOS = YES_AGGRESSIVE;
				GCC_WARN_UNUSED_FUNCTION = YES;
				GCC_WARN_UNUSED_VARIABLE = YES;
				IPHONEOS_DEPLOYMENT_TARGET = 13.2;
				MTL_ENABLE_DEBUG_INFO = INCLUDE_SOURCE;
				MTL_FAST_MATH = YES;
				ONLY_ACTIVE_ARCH = YES;
				SDKROOT = iphoneos;
				SWIFT_ACTIVE_COMPILATION_CONDITIONS = DEBUG;
				SWIFT_OPTIMIZATION_LEVEL = "-Onone";
			};
			name = Debug;
		};
		301D607F2396B89F00AB84E1 /* Release */ = {
			isa = XCBuildConfiguration;
			buildSettings = {
				ALWAYS_SEARCH_USER_PATHS = NO;
				CLANG_ANALYZER_NONNULL = YES;
				CLANG_ANALYZER_NUMBER_OBJECT_CONVERSION = YES_AGGRESSIVE;
				CLANG_CXX_LANGUAGE_STANDARD = "gnu++14";
				CLANG_CXX_LIBRARY = "libc++";
				CLANG_ENABLE_MODULES = YES;
				CLANG_ENABLE_OBJC_ARC = YES;
				CLANG_ENABLE_OBJC_WEAK = YES;
				CLANG_WARN_BLOCK_CAPTURE_AUTORELEASING = YES;
				CLANG_WARN_BOOL_CONVERSION = YES;
				CLANG_WARN_COMMA = YES;
				CLANG_WARN_CONSTANT_CONVERSION = YES;
				CLANG_WARN_DEPRECATED_OBJC_IMPLEMENTATIONS = YES;
				CLANG_WARN_DIRECT_OBJC_ISA_USAGE = YES_ERROR;
				CLANG_WARN_DOCUMENTATION_COMMENTS = YES;
				CLANG_WARN_EMPTY_BODY = YES;
				CLANG_WARN_ENUM_CONVERSION = YES;
				CLANG_WARN_INFINITE_RECURSION = YES;
				CLANG_WARN_INT_CONVERSION = YES;
				CLANG_WARN_NON_LITERAL_NULL_CONVERSION = YES;
				CLANG_WARN_OBJC_IMPLICIT_RETAIN_SELF = YES;
				CLANG_WARN_OBJC_LITERAL_CONVERSION = YES;
				CLANG_WARN_OBJC_ROOT_CLASS = YES_ERROR;
				CLANG_WARN_RANGE_LOOP_ANALYSIS = YES;
				CLANG_WARN_STRICT_PROTOTYPES = YES;
				CLANG_WARN_SUSPICIOUS_MOVE = YES;
				CLANG_WARN_UNGUARDED_AVAILABILITY = YES_AGGRESSIVE;
				CLANG_WARN_UNREACHABLE_CODE = YES;
				CLANG_WARN__DUPLICATE_METHOD_MATCH = YES;
				COPY_PHASE_STRIP = NO;
				DEBUG_INFORMATION_FORMAT = "dwarf-with-dsym";
				ENABLE_NS_ASSERTIONS = NO;
				ENABLE_STRICT_OBJC_MSGSEND = YES;
				GCC_C_LANGUAGE_STANDARD = gnu11;
				GCC_NO_COMMON_BLOCKS = YES;
				GCC_WARN_64_TO_32_BIT_CONVERSION = YES;
				GCC_WARN_ABOUT_RETURN_TYPE = YES_ERROR;
				GCC_WARN_UNDECLARED_SELECTOR = YES;
				GCC_WARN_UNINITIALIZED_AUTOS = YES_AGGRESSIVE;
				GCC_WARN_UNUSED_FUNCTION = YES;
				GCC_WARN_UNUSED_VARIABLE = YES;
				IPHONEOS_DEPLOYMENT_TARGET = 13.2;
				MTL_ENABLE_DEBUG_INFO = NO;
				MTL_FAST_MATH = YES;
				SDKROOT = iphoneos;
				SWIFT_COMPILATION_MODE = wholemodule;
				SWIFT_OPTIMIZATION_LEVEL = "-O";
				VALIDATE_PRODUCT = YES;
			};
			name = Release;
		};
		301D60812396B89F00AB84E1 /* Debug */ = {
			isa = XCBuildConfiguration;
			buildSettings = {
				ASSETCATALOG_COMPILER_APPICON_NAME = AppIcon;
				CODE_SIGN_STYLE = Automatic;
				INFOPLIST_FILE = Trinder/Info.plist;
				LD_RUNPATH_SEARCH_PATHS = (
					"$(inherited)",
					"@executable_path/Frameworks",
				);
				PRODUCT_BUNDLE_IDENTIFIER = Simplon.Alex.Trinder;
				PRODUCT_NAME = "$(TARGET_NAME)";
				SWIFT_VERSION = 5.0;
				TARGETED_DEVICE_FAMILY = "1,2";
			};
			name = Debug;
		};
		301D60822396B89F00AB84E1 /* Release */ = {
			isa = XCBuildConfiguration;
			buildSettings = {
				ASSETCATALOG_COMPILER_APPICON_NAME = AppIcon;
				CODE_SIGN_STYLE = Automatic;
				INFOPLIST_FILE = Trinder/Info.plist;
				LD_RUNPATH_SEARCH_PATHS = (
					"$(inherited)",
					"@executable_path/Frameworks",
				);
				PRODUCT_BUNDLE_IDENTIFIER = Simplon.Alex.Trinder;
				PRODUCT_NAME = "$(TARGET_NAME)";
				SWIFT_VERSION = 5.0;
				TARGETED_DEVICE_FAMILY = "1,2";
			};
			name = Release;
		};
/* End XCBuildConfiguration section */

/* Begin XCConfigurationList section */
		301D60672396B89E00AB84E1 /* Build configuration list for PBXProject "Trinder" */ = {
			isa = XCConfigurationList;
			buildConfigurations = (
				301D607E2396B89F00AB84E1 /* Debug */,
				301D607F2396B89F00AB84E1 /* Release */,
			);
			defaultConfigurationIsVisible = 0;
			defaultConfigurationName = Release;
		};
		301D60802396B89F00AB84E1 /* Build configuration list for PBXNativeTarget "Trinder" */ = {
			isa = XCConfigurationList;
			buildConfigurations = (
				301D60812396B89F00AB84E1 /* Debug */,
				301D60822396B89F00AB84E1 /* Release */,
			);
			defaultConfigurationIsVisible = 0;
			defaultConfigurationName = Release;
		};
/* End XCConfigurationList section */
	};
	rootObject = 301D60642396B89E00AB84E1 /* Project object */;
}
